
Microsoft Visual Studio Solution File, Format Version 12.00
# Visual Studio Version 17
VisualStudioVersion = 17.8.34330.188
MinimumVisualStudioVersion = 10.0.40219.1
Project("{9A19103F-16F7-4668-BE54-9A1E7A4F7556}") = "Portfolio", "Portfolio.csproj", "{BF34D942-BB14-4B97-9ABA-B4DD8C8604FE}"
EndProject
Global
	GlobalSection(SolutionConfigurationPlatforms) = preSolution
		Debug|Any CPU = Debug|Any CPU
		Release|Any CPU = Release|Any CPU
	EndGlobalSection
	GlobalSection(ProjectConfigurationPlatforms) = postSolution
		{BF34D942-BB14-4B97-9ABA-B4DD8C8604FE}.Debug|Any CPU.ActiveCfg = Debug|Any CPU
		{BF34D942-BB14-4B97-9ABA-B4DD8C8604FE}.Debug|Any CPU.Build.0 = Debug|Any CPU
		{BF34D942-BB14-4B97-9ABA-B4DD8C8604FE}.Release|Any CPU.ActiveCfg = Release|Any CPU
		{BF34D942-BB14-4B97-9ABA-B4DD8C8604FE}.Release|Any CPU.Build.0 = Release|Any CPU
	EndGlobalSection
	GlobalSection(SolutionProperties) = preSolution
		HideSolutionNode = FALSE
	EndGlobalSection
	GlobalSection(ExtensibilityGlobals) = postSolution
		SolutionGuid = {38C02CD5-897B-4877-B1C8-656ABA2415DD}
	EndGlobalSection
EndGlobal
